
Microsoft Visual Studio Solution File, Format Version 12.00
# Visual Studio Version 16
VisualStudioVersion = 16.0.31911.196
MinimumVisualStudioVersion = 10.0.40219.1
Project("{FAE04EC0-301F-11D3-BF4B-00C04F79EFBC}") = "ServiceApp", "ServiceApp\ServiceApp.csproj", "{64F73271-F162-4A24-B61D-BCC51FCA25AD}"
EndProject
Project("{FAE04EC0-301F-11D3-BF4B-00C04F79EFBC}") = "ClientApp", "ClientApp\ClientApp.csproj", "{DF918695-CB3D-4CED-BA67-26BD1B3363DB}"
EndProject
Project("{FAE04EC0-301F-11D3-BF4B-00C04F79EFBC}") = "Contracts", "Contracts\Contracts.csproj", "{62CAE0AA-9F3A-4239-B65B-C75B50E64EA1}"
EndProject
Project("{FAE04EC0-301F-11D3-BF4B-00C04F79EFBC}") = "Manager", "Manager\Manager.csproj", "{23DF7333-9C01-4ABE-83B1-3D8A813E4AC8}"
EndProject
Global
	GlobalSection(SolutionConfigurationPlatforms) = preSolution
		Debug|Any CPU = Debug|Any CPU
		Release|Any CPU = Release|Any CPU
	EndGlobalSection
	GlobalSection(ProjectConfigurationPlatforms) = postSolution
		{64F73271-F162-4A24-B61D-BCC51FCA25AD}.Debug|Any CPU.ActiveCfg = Debug|Any CPU
		{64F73271-F162-4A24-B61D-BCC51FCA25AD}.Debug|Any CPU.Build.0 = Debug|Any CPU
		{64F73271-F162-4A24-B61D-BCC51FCA25AD}.Release|Any CPU.ActiveCfg = Release|Any CPU
		{64F73271-F162-4A24-B61D-BCC51FCA25AD}.Release|Any CPU.Build.0 = Release|Any CPU
		{DF918695-CB3D-4CED-BA67-26BD1B3363DB}.Debug|Any CPU.ActiveCfg = Debug|Any CPU
		{DF918695-CB3D-4CED-BA67-26BD1B3363DB}.Debug|Any CPU.Build.0 = Debug|Any CPU
		{DF918695-CB3D-4CED-BA67-26BD1B3363DB}.Release|Any CPU.ActiveCfg = Release|Any CPU
		{DF918695-CB3D-4CED-BA67-26BD1B3363DB}.Release|Any CPU.Build.0 = Release|Any CPU
		{62CAE0AA-9F3A-4239-B65B-C75B50E64EA1}.Debug|Any CPU.ActiveCfg = Debug|Any CPU
		{62CAE0AA-9F3A-4239-B65B-C75B50E64EA1}.Debug|Any CPU.Build.0 = Debug|Any CPU
		{62CAE0AA-9F3A-4239-B65B-C75B50E64EA1}.Release|Any CPU.ActiveCfg = Release|Any CPU
		{62CAE0AA-9F3A-4239-B65B-C75B50E64EA1}.Release|Any CPU.Build.0 = Release|Any CPU
		{23DF7333-9C01-4ABE-83B1-3D8A813E4AC8}.Debug|Any CPU.ActiveCfg = Debug|Any CPU
		{23DF7333-9C01-4ABE-83B1-3D8A813E4AC8}.Debug|Any CPU.Build.0 = Debug|Any CPU
		{23DF7333-9C01-4ABE-83B1-3D8A813E4AC8}.Release|Any CPU.ActiveCfg = Release|Any CPU
		{23DF7333-9C01-4ABE-83B1-3D8A813E4AC8}.Release|Any CPU.Build.0 = Release|Any CPU
	EndGlobalSection
	GlobalSection(SolutionProperties) = preSolution
		HideSolutionNode = FALSE
	EndGlobalSection
	GlobalSection(ExtensibilityGlobals) = postSolution
		SolutionGuid = {E87665EC-BCD4-41CC-886F-55A6C97F604B}
	EndGlobalSection
EndGlobal
